
Microsoft Visual Studio Solution File, Format Version 12.00
# Visual Studio 2013
VisualStudioVersion = 12.0.21005.1
MinimumVisualStudioVersion = 10.0.40219.1
Project("{FAE04EC0-301F-11D3-BF4B-00C04F79EFBC}") = "EFCodeFirst_WO_Database", "EFCodeFirst_WO_Database\EFCodeFirst_WO_Database.csproj", "{EC10C22F-2BED-4881-80C8-1C2DBAD08CF4}"
EndProject
Global
	GlobalSection(SolutionConfigurationPlatforms) = preSolution
		Debug|Any CPU = Debug|Any CPU
		Release|Any CPU = Release|Any CPU
	EndGlobalSection
	GlobalSection(ProjectConfigurationPlatforms) = postSolution
		{EC10C22F-2BED-4881-80C8-1C2DBAD08CF4}.Debug|Any CPU.ActiveCfg = Debug|Any CPU
		{EC10C22F-2BED-4881-80C8-1C2DBAD08CF4}.Debug|Any CPU.Build.0 = Debug|Any CPU
		{EC10C22F-2BED-4881-80C8-1C2DBAD08CF4}.Release|Any CPU.ActiveCfg = Release|Any CPU
		{EC10C22F-2BED-4881-80C8-1C2DBAD08CF4}.Release|Any CPU.Build.0 = Release|Any CPU
	EndGlobalSection
	GlobalSection(SolutionProperties) = preSolution
		HideSolutionNode = FALSE
	EndGlobalSection
EndGlobal
